
Microsoft Visual Studio Solution File, Format Version 12.00
# Visual Studio Version 16
VisualStudioVersion = 16.0.32510.428
MinimumVisualStudioVersion = 10.0.40219.1
Project("{FAE04EC0-301F-11D3-BF4B-00C04F79EFBC}") = "pryFernandezTP", "pryFernandezTP.csproj", "{56DA1921-5A22-4BA6-8363-A4A1BB82663D}"
EndProject
Global
	GlobalSection(SolutionConfigurationPlatforms) = preSolution
		Debug|Any CPU = Debug|Any CPU
		Release|Any CPU = Release|Any CPU
	EndGlobalSection
	GlobalSection(ProjectConfigurationPlatforms) = postSolution
		{56DA1921-5A22-4BA6-8363-A4A1BB82663D}.Debug|Any CPU.ActiveCfg = Debug|Any CPU
		{56DA1921-5A22-4BA6-8363-A4A1BB82663D}.Debug|Any CPU.Build.0 = Debug|Any CPU
		{56DA1921-5A22-4BA6-8363-A4A1BB82663D}.Release|Any CPU.ActiveCfg = Release|Any CPU
		{56DA1921-5A22-4BA6-8363-A4A1BB82663D}.Release|Any CPU.Build.0 = Release|Any CPU
	EndGlobalSection
	GlobalSection(SolutionProperties) = preSolution
		HideSolutionNode = FALSE
	EndGlobalSection
	GlobalSection(ExtensibilityGlobals) = postSolution
		SolutionGuid = {55B5DF08-5814-481E-A370-399265EE00BF}
	EndGlobalSection
EndGlobal
